github.com/tomm7614/minusGo v0.0.0-20201116104819-85dfad1269ab h1:IuGs4m3+xOR8ZTxnRZE6BH3ucUuDasULaF3TqgQ1VEE=
github.com/tomm7614/minusGo v0.0.0-20201116104819-85dfad1269ab/go.mod h1:bSJOJ62aOuGb5cmSMY0HkiEjbNMRymzzVtcUgsL/p04=
github.com/tomm7614/plusGo v0.0.0-20201116104603-0308adb0c573 h1:nnWOnTKSBhzkqPFF6cRCG0AN8rW5PW/9Jrfqxr/uGdY=
github.com/tomm7614/plusGo v0.0.0-20201116104603-0308adb0c573/go.mod h1:jvYz+8RWeb4OqU9NvrKuO2Eu34WBWujZrzF38Qm2/3U=
